
Microsoft Visual Studio Solution File, Format Version 12.00
# Visual Studio Version 17
VisualStudioVersion = 17.12.35527.113 d17.12
MinimumVisualStudioVersion = 10.0.40219.1
Project("{FAE04EC0-301F-11D3-BF4B-00C04F79EFBC}") = "Dependency_Injection_DP", "Dependency_Injection_DP\Dependency_Injection_DP.csproj", "{EC12D56B-70D4-4FE5-9DE4-D9189572DC37}"
EndProject
Global
	GlobalSection(SolutionConfigurationPlatforms) = preSolution
		Debug|Any CPU = Debug|Any CPU
		Release|Any CPU = Release|Any CPU
	EndGlobalSection
	GlobalSection(ProjectConfigurationPlatforms) = postSolution
		{EC12D56B-70D4-4FE5-9DE4-D9189572DC37}.Debug|Any CPU.ActiveCfg = Debug|Any CPU
		{EC12D56B-70D4-4FE5-9DE4-D9189572DC37}.Debug|Any CPU.Build.0 = Debug|Any CPU
		{EC12D56B-70D4-4FE5-9DE4-D9189572DC37}.Release|Any CPU.ActiveCfg = Release|Any CPU
		{EC12D56B-70D4-4FE5-9DE4-D9189572DC37}.Release|Any CPU.Build.0 = Release|Any CPU
	EndGlobalSection
	GlobalSection(SolutionProperties) = preSolution
		HideSolutionNode = FALSE
	EndGlobalSection
EndGlobal
